
Microsoft Visual Studio Solution File, Format Version 11.00
# Visual Studio 2010
Project("{FAE04EC0-301F-11D3-BF4B-00C04F79EFBC}") = "V1EstimationTool", "V1EstimationTool\V1EstimationTool.csproj", "{A91097DE-A36C-4A94-83C5-48286EA00157}"
EndProject
Global
	GlobalSection(SolutionConfigurationPlatforms) = preSolution
		Debug|x86 = Debug|x86
		Release|x86 = Release|x86
	EndGlobalSection
	GlobalSection(ProjectConfigurationPlatforms) = postSolution
		{A91097DE-A36C-4A94-83C5-48286EA00157}.Debug|x86.ActiveCfg = Debug|x86
		{A91097DE-A36C-4A94-83C5-48286EA00157}.Debug|x86.Build.0 = Debug|x86
		{A91097DE-A36C-4A94-83C5-48286EA00157}.Release|x86.ActiveCfg = Release|x86
		{A91097DE-A36C-4A94-83C5-48286EA00157}.Release|x86.Build.0 = Release|x86
	EndGlobalSection
	GlobalSection(SolutionProperties) = preSolution
		HideSolutionNode = FALSE
	EndGlobalSection
EndGlobal
